
Microsoft Visual Studio Solution File, Format Version 12.00
# Visual Studio 15
VisualStudioVersion = 15.0.26730.16
MinimumVisualStudioVersion = 10.0.40219.1
Project("{8BC9CEB8-8B4A-11D0-8D11-00A0C91BC942}") = "velocità del PC", "velocità del PC\velocità del PC.vcxproj", "{235E03EE-AC38-4F4A-8438-992864E91186}"
EndProject
Global
	GlobalSection(SolutionConfigurationPlatforms) = preSolution
		Debug|x64 = Debug|x64
		Debug|x86 = Debug|x86
		Release|x64 = Release|x64
		Release|x86 = Release|x86
	EndGlobalSection
	GlobalSection(ProjectConfigurationPlatforms) = postSolution
		{235E03EE-AC38-4F4A-8438-992864E91186}.Debug|x64.ActiveCfg = Debug|x64
		{235E03EE-AC38-4F4A-8438-992864E91186}.Debug|x64.Build.0 = Debug|x64
		{235E03EE-AC38-4F4A-8438-992864E91186}.Debug|x86.ActiveCfg = Debug|Win32
		{235E03EE-AC38-4F4A-8438-992864E91186}.Debug|x86.Build.0 = Debug|Win32
		{235E03EE-AC38-4F4A-8438-992864E91186}.Release|x64.ActiveCfg = Release|x64
		{235E03EE-AC38-4F4A-8438-992864E91186}.Release|x64.Build.0 = Release|x64
		{235E03EE-AC38-4F4A-8438-992864E91186}.Release|x86.ActiveCfg = Release|Win32
		{235E03EE-AC38-4F4A-8438-992864E91186}.Release|x86.Build.0 = Release|Win32
	EndGlobalSection
	GlobalSection(SolutionProperties) = preSolution
		HideSolutionNode = FALSE
	EndGlobalSection
	GlobalSection(ExtensibilityGlobals) = postSolution
		SolutionGuid = {92FAB407-A97F-482D-93FF-FEDCC9E47613}
	EndGlobalSection
EndGlobal
